
Microsoft Visual Studio Solution File, Format Version 12.00
# Visual Studio Version 17
VisualStudioVersion = 17.12.35707.178
MinimumVisualStudioVersion = 10.0.40219.1
Project("{FAE04EC0-301F-11D3-BF4B-00C04F79EFBC}") = "ExpenseTrackerMVC", "ExpenseTrackerMVC\ExpenseTrackerMVC.csproj", "{5CF5E216-1636-47E1-924F-C987D75B5107}"
EndProject
Project("{FAE04EC0-301F-11D3-BF4B-00C04F79EFBC}") = "Entities", "Entities\Entities.csproj", "{7F76CB76-59DB-42ED-8D44-1C846D74B713}"
EndProject
Project("{FAE04EC0-301F-11D3-BF4B-00C04F79EFBC}") = "DAL", "DAL\DAL.csproj", "{0AA3E3BA-47DA-4287-BB60-FFE0782785BA}"
EndProject
Global
	GlobalSection(SolutionConfigurationPlatforms) = preSolution
		Debug|Any CPU = Debug|Any CPU
		Release|Any CPU = Release|Any CPU
	EndGlobalSection
	GlobalSection(ProjectConfigurationPlatforms) = postSolution
		{5CF5E216-1636-47E1-924F-C987D75B5107}.Debug|Any CPU.ActiveCfg = Debug|Any CPU
		{5CF5E216-1636-47E1-924F-C987D75B5107}.Debug|Any CPU.Build.0 = Debug|Any CPU
		{5CF5E216-1636-47E1-924F-C987D75B5107}.Release|Any CPU.ActiveCfg = Release|Any CPU
		{5CF5E216-1636-47E1-924F-C987D75B5107}.Release|Any CPU.Build.0 = Release|Any CPU
		{7F76CB76-59DB-42ED-8D44-1C846D74B713}.Debug|Any CPU.ActiveCfg = Debug|Any CPU
		{7F76CB76-59DB-42ED-8D44-1C846D74B713}.Debug|Any CPU.Build.0 = Debug|Any CPU
		{7F76CB76-59DB-42ED-8D44-1C846D74B713}.Release|Any CPU.ActiveCfg = Release|Any CPU
		{7F76CB76-59DB-42ED-8D44-1C846D74B713}.Release|Any CPU.Build.0 = Release|Any CPU
		{0AA3E3BA-47DA-4287-BB60-FFE0782785BA}.Debug|Any CPU.ActiveCfg = Debug|Any CPU
		{0AA3E3BA-47DA-4287-BB60-FFE0782785BA}.Debug|Any CPU.Build.0 = Debug|Any CPU
		{0AA3E3BA-47DA-4287-BB60-FFE0782785BA}.Release|Any CPU.ActiveCfg = Release|Any CPU
		{0AA3E3BA-47DA-4287-BB60-FFE0782785BA}.Release|Any CPU.Build.0 = Release|Any CPU
	EndGlobalSection
	GlobalSection(SolutionProperties) = preSolution
		HideSolutionNode = FALSE
	EndGlobalSection
EndGlobal
